// !$*UTF8*$!
{
	archiveVersion = 1;
	classes = {
	};
	objectVersion = 46;
	objects = {

/* Begin PBXBuildFile section */
		8350C0D216A58440005FF691 /* UIKit.framework in Frameworks */ = {isa = PBXBuildFile; fileRef = 8350C0D116A58440005FF691 /* UIKit.framework */; };
		8350C0D416A58440005FF691 /* Foundation.framework in Frameworks */ = {isa = PBXBuildFile; fileRef = 8350C0D316A58440005FF691 /* Foundation.framework */; };
		8350C0D616A58440005FF691 /* CoreGraphics.framework in Frameworks */ = {isa = PBXBuildFile; fileRef = 8350C0D516A58440005FF691 /* CoreGraphics.framework */; };
		8350C0DC16A58440005FF691 /* InfoPlist.strings in Resources */ = {isa = PBXBuildFile; fileRef = 8350C0DA16A58440005FF691 /* InfoPlist.strings */; };
		8350C0DE16A58440005FF691 /* main.m in Sources */ = {isa = PBXBuildFile; fileRef = 8350C0DD16A58440005FF691 /* main.m */; };
		8350C0E216A58440005FF691 /* AppDelegate.m in Sources */ = {isa = PBXBuildFile; fileRef = 8350C0E116A58440005FF691 /* AppDelegate.m */; };
		8350C0E416A58440005FF691 /* Default.png in Resources */ = {isa = PBXBuildFile; fileRef = 8350C0E316A58440005FF691 /* Default.png */; };
		8350C0E616A58440005FF691 /* Default@2x.png in Resources */ = {isa = PBXBuildFile; fileRef = 8350C0E516A58440005FF691 /* Default@2x.png */; };
		8350C0E816A58440005FF691 /* Default-568h@2x.png in Resources */ = {isa = PBXBuildFile; fileRef = 8350C0E716A58440005FF691 /* Default-568h@2x.png */; };
		8350C0F616A58440005FF691 /* SenTestingKit.framework in Frameworks */ = {isa = PBXBuildFile; fileRef = 8350C0F516A58440005FF691 /* SenTestingKit.framework */; };
		8350C0F716A58440005FF691 /* UIKit.framework in Frameworks */ = {isa = PBXBuildFile; fileRef = 8350C0D116A58440005FF691 /* UIKit.framework */; };
		8350C0F816A58440005FF691 /* Foundation.framework in Frameworks */ = {isa = PBXBuildFile; fileRef = 8350C0D316A58440005FF691 /* Foundation.framework */; };
		8350C10016A58440005FF691 /* InfoPlist.strings in Resources */ = {isa = PBXBuildFile; fileRef = 8350C0FE16A58440005FF691 /* InfoPlist.strings */; };
		8350C10316A58440005FF691 /* raulyticsTests.m in Sources */ = {isa = PBXBuildFile; fileRef = 8350C10216A58440005FF691 /* raulyticsTests.m */; };
		8350C10E16A58474005FF691 /* CrashLogsViewController.m in Sources */ = {isa = PBXBuildFile; fileRef = 8350C10D16A58474005FF691 /* CrashLogsViewController.m */; };
		8350C11216A584CF005FF691 /* CrashLog.m in Sources */ = {isa = PBXBuildFile; fileRef = 8350C11116A584CF005FF691 /* CrashLog.m */; };
		8350C11A16A58573005FF691 /* NodeJSWSManager.m in Sources */ = {isa = PBXBuildFile; fileRef = 8350C11916A58573005FF691 /* NodeJSWSManager.m */; };
		8350C13116A5882F005FF691 /* NSAlert+MKNetworkKitAdditions.m in Sources */ = {isa = PBXBuildFile; fileRef = 8350C11E16A5882F005FF691 /* NSAlert+MKNetworkKitAdditions.m */; };
		8350C13216A5882F005FF691 /* NSData+Base64.m in Sources */ = {isa = PBXBuildFile; fileRef = 8350C12016A5882F005FF691 /* NSData+Base64.m */; };
		8350C13316A5882F005FF691 /* NSDate+RFC1123.m in Sources */ = {isa = PBXBuildFile; fileRef = 8350C12216A5882F005FF691 /* NSDate+RFC1123.m */; };
		8350C13416A5882F005FF691 /* NSDictionary+RequestEncoding.m in Sources */ = {isa = PBXBuildFile; fileRef = 8350C12416A5882F005FF691 /* NSDictionary+RequestEncoding.m */; };
		8350C13516A5882F005FF691 /* NSString+MKNetworkKitAdditions.m in Sources */ = {isa = PBXBuildFile; fileRef = 8350C12616A5882F005FF691 /* NSString+MKNetworkKitAdditions.m */; };
		8350C13616A5882F005FF691 /* UIAlertView+MKNetworkKitAdditions.m in Sources */ = {isa = PBXBuildFile; fileRef = 8350C12816A5882F005FF691 /* UIAlertView+MKNetworkKitAdditions.m */; };
		8350C13716A5882F005FF691 /* MKNetworkEngine.m in Sources */ = {isa = PBXBuildFile; fileRef = 8350C12A16A5882F005FF691 /* MKNetworkEngine.m */; };
		8350C13816A5882F005FF691 /* MKNetworkOperation.m in Sources */ = {isa = PBXBuildFile; fileRef = 8350C12D16A5882F005FF691 /* MKNetworkOperation.m */; };
		8350C13916A5882F005FF691 /* Reachability.m in Sources */ = {isa = PBXBuildFile; fileRef = 8350C13016A5882F005FF691 /* Reachability.m */; };
		8350C13B16A5891B005FF691 /* CFNetwork.framework in Frameworks */ = {isa = PBXBuildFile; fileRef = 8350C13A16A5891B005FF691 /* CFNetwork.framework */; };
		8350C13D16A5892D005FF691 /* Security.framework in Frameworks */ = {isa = PBXBuildFile; fileRef = 8350C13C16A5892D005FF691 /* Security.framework */; };
		8350C13F16A5894A005FF691 /* SystemConfiguration.framework in Frameworks */ = {isa = PBXBuildFile; fileRef = 8350C13E16A5894A005FF691 /* SystemConfiguration.framework */; };
		83768F2716A6A98A00CF4CA9 /* Parse.framework in Frameworks */ = {isa = PBXBuildFile; fileRef = 83768F2616A6A98A00CF4CA9 /* Parse.framework */; };
		83768F2F16A6A9FC00CF4CA9 /* libsqlite3.dylib in Frameworks */ = {isa = PBXBuildFile; fileRef = 83768F2916A6A9FC00CF4CA9 /* libsqlite3.dylib */; };
		83768F3016A6A9FC00CF4CA9 /* libz.1.1.3.dylib in Frameworks */ = {isa = PBXBuildFile; fileRef = 83768F2A16A6A9FC00CF4CA9 /* libz.1.1.3.dylib */; };
		83768F3116A6A9FC00CF4CA9 /* MobileCoreServices.framework in Frameworks */ = {isa = PBXBuildFile; fileRef = 83768F2B16A6A9FC00CF4CA9 /* MobileCoreServices.framework */; };
		83768F3216A6A9FC00CF4CA9 /* QuartzCore.framework in Frameworks */ = {isa = PBXBuildFile; fileRef = 83768F2C16A6A9FC00CF4CA9 /* QuartzCore.framework */; };
		83768F3316A6A9FC00CF4CA9 /* Social.framework in Frameworks */ = {isa = PBXBuildFile; fileRef = 83768F2D16A6A9FC00CF4CA9 /* Social.framework */; };
		83768F3416A6A9FC00CF4CA9 /* StoreKit.framework in Frameworks */ = {isa = PBXBuildFile; fileRef = 83768F2E16A6A9FC00CF4CA9 /* StoreKit.framework */; };
		83768F3616A6AA9E00CF4CA9 /* Accounts.framework in Frameworks */ = {isa = PBXBuildFile; fileRef = 83768F3516A6AA9E00CF4CA9 /* Accounts.framework */; };
		83768F3816A6AAA300CF4CA9 /* AudioToolbox.framework in Frameworks */ = {isa = PBXBuildFile; fileRef = 83768F3716A6AAA300CF4CA9 /* AudioToolbox.framework */; };
		83768F3A16A6AAB100CF4CA9 /* AdSupport.framework in Frameworks */ = {isa = PBXBuildFile; fileRef = 83768F3916A6AAB100CF4CA9 /* AdSupport.framework */; };
		83768F3C16A6AACB00CF4CA9 /* CoreLocation.framework in Frameworks */ = {isa = PBXBuildFile; fileRef = 83768F3B16A6AACB00CF4CA9 /* CoreLocation.framework */; };
/* End PBXBuildFile section */

/* Begin PBXContainerItemProxy section */
		8350C0F916A58440005FF691 /* PBXContainerItemProxy */ = {
			isa = PBXContainerItemProxy;
			containerPortal = 8350C0C416A58440005FF691 /* Project object */;
			proxyType = 1;
			remoteGlobalIDString = 8350C0CC16A58440005FF691;
			remoteInfo = raulytics;
		};
/* End PBXContainerItemProxy section */

/* Begin PBXFileReference section */
		8350C0CD16A58440005FF691 /* raulytics.app */ = {isa = PBXFileReference; explicitFileType = wrapper.application; includeInIndex = 0; path = raulytics.app; sourceTree = BUILT_PRODUCTS_DIR; };
		8350C0D116A58440005FF691 /* UIKit.framework */ = {isa = PBXFileReference; lastKnownFileType = wrapper.framework; name = UIKit.framework; path = System/Library/Frameworks/UIKit.framework; sourceTree = SDKROOT; };
		8350C0D316A58440005FF691 /* Foundation.framework */ = {isa = PBXFileReference; lastKnownFileType = wrapper.framework; name = Foundation.framework; path = System/Library/Frameworks/Foundation.framework; sourceTree = SDKROOT; };
		8350C0D516A58440005FF691 /* CoreGraphics.framework */ = {isa = PBXFileReference; lastKnownFileType = wrapper.framework; name = CoreGraphics.framework; path = System/Library/Frameworks/CoreGraphics.framework; sourceTree = SDKROOT; };
		8350C0D916A58440005FF691 /* raulytics-Info.plist */ = {isa = PBXFileReference; lastKnownFileType = text.plist.xml; path = "raulytics-Info.plist"; sourceTree = "<group>"; };
		8350C0DB16A58440005FF691 /* en */ = {isa = PBXFileReference; lastKnownFileType = text.plist.strings; name = en; path = en.lproj/InfoPlist.strings; sourceTree = "<group>"; };
		8350C0DD16A58440005FF691 /* main.m */ = {isa = PBXFileReference; lastKnownFileType = sourcecode.c.objc; path = main.m; sourceTree = "<group>"; };
		8350C0DF16A58440005FF691 /* raulytics-Prefix.pch */ = {isa = PBXFileReference; lastKnownFileType = sourcecode.c.h; path = "raulytics-Prefix.pch"; sourceTree = "<group>"; };
		8350C0E016A58440005FF691 /* AppDelegate.h */ = {isa = PBXFileReference; lastKnownFileType = sourcecode.c.h; path = AppDelegate.h; sourceTree = "<group>"; };
		8350C0E116A58440005FF691 /* AppDelegate.m */ = {isa = PBXFileReference; lastKnownFileType = sourcecode.c.objc; path = AppDelegate.m; sourceTree = "<group>"; };
		8350C0E316A58440005FF691 /* Default.png */ = {isa = PBXFileReference; lastKnownFileType = image.png; path = Default.png; sourceTree = "<group>"; };
		8350C0E516A58440005FF691 /* Default@2x.png */ = {isa = PBXFileReference; lastKnownFileType = image.png; path = "Default@2x.png"; sourceTree = "<group>"; };
		8350C0E716A58440005FF691 /* Default-568h@2x.png */ = {isa = PBXFileReference; lastKnownFileType = image.png; path = "Default-568h@2x.png"; sourceTree = "<group>"; };
		8350C0F416A58440005FF691 /* raulyticsTests.octest */ = {isa = PBXFileReference; explicitFileType = wrapper.cfbundle; includeInIndex = 0; path = raulyticsTests.octest; sourceTree = BUILT_PRODUCTS_DIR; };
		8350C0F516A58440005FF691 /* SenTestingKit.framework */ = {isa = PBXFileReference; lastKnownFileType = wrapper.framework; name = SenTestingKit.framework; path = Library/Frameworks/SenTestingKit.framework; sourceTree = DEVELOPER_DIR; };
		8350C0FD16A58440005FF691 /* raulyticsTests-Info.plist */ = {isa = PBXFileReference; lastKnownFileType = text.plist.xml; path = "raulyticsTests-Info.plist"; sourceTree = "<group>"; };
		8350C0FF16A58440005FF691 /* en */ = {isa = PBXFileReference; lastKnownFileType = text.plist.strings; name = en; path = en.lproj/InfoPlist.strings; sourceTree = "<group>"; };
		8350C10116A58440005FF691 /* raulyticsTests.h */ = {isa = PBXFileReference; lastKnownFileType = sourcecode.c.h; path = raulyticsTests.h; sourceTree = "<group>"; };
		8350C10216A58440005FF691 /* raulyticsTests.m */ = {isa = PBXFileReference; lastKnownFileType = sourcecode.c.objc; path = raulyticsTests.m; sourceTree = "<group>"; };
		8350C10C16A58474005FF691 /* CrashLogsViewController.h */ = {isa = PBXFileReference; fileEncoding = 4; lastKnownFileType = sourcecode.c.h; path = CrashLogsViewController.h; sourceTree = "<group>"; };
		8350C10D16A58474005FF691 /* CrashLogsViewController.m */ = {isa = PBXFileReference; fileEncoding = 4; lastKnownFileType = sourcecode.c.objc; path = CrashLogsViewController.m; sourceTree = "<group>"; };
		8350C11016A584CF005FF691 /* CrashLog.h */ = {isa = PBXFileReference; fileEncoding = 4; lastKnownFileType = sourcecode.c.h; path = CrashLog.h; sourceTree = "<group>"; };
		8350C11116A584CF005FF691 /* CrashLog.m */ = {isa = PBXFileReference; fileEncoding = 4; lastKnownFileType = sourcecode.c.objc; path = CrashLog.m; sourceTree = "<group>"; };
		8350C11816A58573005FF691 /* NodeJSWSManager.h */ = {isa = PBXFileReference; fileEncoding = 4; lastKnownFileType = sourcecode.c.h; path = NodeJSWSManager.h; sourceTree = "<group>"; };
		8350C11916A58573005FF691 /* NodeJSWSManager.m */ = {isa = PBXFileReference; fileEncoding = 4; lastKnownFileType = sourcecode.c.objc; path = NodeJSWSManager.m; sourceTree = "<group>"; };
		8350C11D16A5882F005FF691 /* NSAlert+MKNetworkKitAdditions.h */ = {isa = PBXFileReference; fileEncoding = 4; lastKnownFileType = sourcecode.c.h; path = "NSAlert+MKNetworkKitAdditions.h"; sourceTree = "<group>"; };
		8350C11E16A5882F005FF691 /* NSAlert+MKNetworkKitAdditions.m */ = {isa = PBXFileReference; fileEncoding = 4; lastKnownFileType = sourcecode.c.objc; path = "NSAlert+MKNetworkKitAdditions.m"; sourceTree = "<group>"; };
		8350C11F16A5882F005FF691 /* NSData+Base64.h */ = {isa = PBXFileReference; fileEncoding = 4; lastKnownFileType = sourcecode.c.h; path = "NSData+Base64.h"; sourceTree = "<group>"; };
		8350C12016A5882F005FF691 /* NSData+Base64.m */ = {isa = PBXFileReference; fileEncoding = 4; lastKnownFileType = sourcecode.c.objc; path = "NSData+Base64.m"; sourceTree = "<group>"; };
		8350C12116A5882F005FF691 /* NSDate+RFC1123.h */ = {isa = PBXFileReference; fileEncoding = 4; lastKnownFileType = sourcecode.c.h; path = "NSDate+RFC1123.h"; sourceTree = "<group>"; };
		8350C12216A5882F005FF691 /* NSDate+RFC1123.m */ = {isa = PBXFileReference; fileEncoding = 4; lastKnownFileType = sourcecode.c.objc; path = "NSDate+RFC1123.m"; sourceTree = "<group>"; };
		8350C12316A5882F005FF691 /* NSDictionary+RequestEncoding.h */ = {isa = PBXFileReference; fileEncoding = 4; lastKnownFileType = sourcecode.c.h; path = "NSDictionary+RequestEncoding.h"; sourceTree = "<group>"; };
		8350C12416A5882F005FF691 /* NSDictionary+RequestEncoding.m */ = {isa = PBXFileReference; fileEncoding = 4; lastKnownFileType = sourcecode.c.objc; path = "NSDictionary+RequestEncoding.m"; sourceTree = "<group>"; };
		8350C12516A5882F005FF691 /* NSString+MKNetworkKitAdditions.h */ = {isa = PBXFileReference; fileEncoding = 4; lastKnownFileType = sourcecode.c.h; path = "NSString+MKNetworkKitAdditions.h"; sourceTree = "<group>"; };
		8350C12616A5882F005FF691 /* NSString+MKNetworkKitAdditions.m */ = {isa = PBXFileReference; fileEncoding = 4; lastKnownFileType = sourcecode.c.objc; path = "NSString+MKNetworkKitAdditions.m"; sourceTree = "<group>"; };
		8350C12716A5882F005FF691 /* UIAlertView+MKNetworkKitAdditions.h */ = {isa = PBXFileReference; fileEncoding = 4; lastKnownFileType = sourcecode.c.h; path = "UIAlertView+MKNetworkKitAdditions.h"; sourceTree = "<group>"; };
		8350C12816A5882F005FF691 /* UIAlertView+MKNetworkKitAdditions.m */ = {isa = PBXFileReference; fileEncoding = 4; lastKnownFileType = sourcecode.c.objc; path = "UIAlertView+MKNetworkKitAdditions.m"; sourceTree = "<group>"; };
		8350C12916A5882F005FF691 /* MKNetworkEngine.h */ = {isa = PBXFileReference; fileEncoding = 4; lastKnownFileType = sourcecode.c.h; path = MKNetworkEngine.h; sourceTree = "<group>"; };
		8350C12A16A5882F005FF691 /* MKNetworkEngine.m */ = {isa = PBXFileReference; fileEncoding = 4; lastKnownFileType = sourcecode.c.objc; path = MKNetworkEngine.m; sourceTree = "<group>"; };
		8350C12B16A5882F005FF691 /* MKNetworkKit.h */ = {isa = PBXFileReference; fileEncoding = 4; lastKnownFileType = sourcecode.c.h; path = MKNetworkKit.h; sourceTree = "<group>"; };
		8350C12C16A5882F005FF691 /* MKNetworkOperation.h */ = {isa = PBXFileReference; fileEncoding = 4; lastKnownFileType = sourcecode.c.h; path = MKNetworkOperation.h; sourceTree = "<group>"; };
		8350C12D16A5882F005FF691 /* MKNetworkOperation.m */ = {isa = PBXFileReference; fileEncoding = 4; lastKnownFileType = sourcecode.c.objc; path = MKNetworkOperation.m; sourceTree = "<group>"; };
		8350C12F16A5882F005FF691 /* Reachability.h */ = {isa = PBXFileReference; fileEncoding = 4; lastKnownFileType = sourcecode.c.h; path = Reachability.h; sourceTree = "<group>"; };
		8350C13016A5882F005FF691 /* Reachability.m */ = {isa = PBXFileReference; fileEncoding = 4; lastKnownFileType = sourcecode.c.objc; path = Reachability.m; sourceTree = "<group>"; };
		8350C13A16A5891B005FF691 /* CFNetwork.framework */ = {isa = PBXFileReference; lastKnownFileType = wrapper.framework; name = CFNetwork.framework; path = System/Library/Frameworks/CFNetwork.framework; sourceTree = SDKROOT; };
		8350C13C16A5892D005FF691 /* Security.framework */ = {isa = PBXFileReference; lastKnownFileType = wrapper.framework; name = Security.framework; path = System/Library/Frameworks/Security.framework; sourceTree = SDKROOT; };
		8350C13E16A5894A005FF691 /* SystemConfiguration.framework */ = {isa = PBXFileReference; lastKnownFileType = wrapper.framework; name = SystemConfiguration.framework; path = System/Library/Frameworks/SystemConfiguration.framework; sourceTree = SDKROOT; };
		83768F2616A6A98A00CF4CA9 /* Parse.framework */ = {isa = PBXFileReference; lastKnownFileType = wrapper.framework; path = Parse.framework; sourceTree = "<group>"; };
		83768F2916A6A9FC00CF4CA9 /* libsqlite3.dylib */ = {isa = PBXFileReference; lastKnownFileType = "compiled.mach-o.dylib"; name = libsqlite3.dylib; path = usr/lib/libsqlite3.dylib; sourceTree = SDKROOT; };
		83768F2A16A6A9FC00CF4CA9 /* libz.1.1.3.dylib */ = {isa = PBXFileReference; lastKnownFileType = "compiled.mach-o.dylib"; name = libz.1.1.3.dylib; path = usr/lib/libz.1.1.3.dylib; sourceTree = SDKROOT; };
		83768F2B16A6A9FC00CF4CA9 /* MobileCoreServices.framework */ = {isa = PBXFileReference; lastKnownFileType = wrapper.framework; name = MobileCoreServices.framework; path = System/Library/Frameworks/MobileCoreServices.framework; sourceTree = SDKROOT; };
		83768F2C16A6A9FC00CF4CA9 /* QuartzCore.framework */ = {isa = PBXFileReference; lastKnownFileType = wrapper.framework; name = QuartzCore.framework; path = System/Library/Frameworks/QuartzCore.framework; sourceTree = SDKROOT; };
		83768F2D16A6A9FC00CF4CA9 /* Social.framework */ = {isa = PBXFileReference; lastKnownFileType = wrapper.framework; name = Social.framework; path = System/Library/Frameworks/Social.framework; sourceTree = SDKROOT; };
		83768F2E16A6A9FC00CF4CA9 /* StoreKit.framework */ = {isa = PBXFileReference; lastKnownFileType = wrapper.framework; name = StoreKit.framework; path = System/Library/Frameworks/StoreKit.framework; sourceTree = SDKROOT; };
		83768F3516A6AA9E00CF4CA9 /* Accounts.framework */ = {isa = PBXFileReference; lastKnownFileType = wrapper.framework; name = Accounts.framework; path = System/Library/Frameworks/Accounts.framework; sourceTree = SDKROOT; };
		83768F3716A6AAA300CF4CA9 /* AudioToolbox.framework */ = {isa = PBXFileReference; lastKnownFileType = wrapper.framework; name = AudioToolbox.framework; path = System/Library/Frameworks/AudioToolbox.framework; sourceTree = SDKROOT; };
		83768F3916A6AAB100CF4CA9 /* AdSupport.framework */ = {isa = PBXFileReference; lastKnownFileType = wrapper.framework; name = AdSupport.framework; path = System/Library/Frameworks/AdSupport.framework; sourceTree = SDKROOT; };
		83768F3B16A6AACB00CF4CA9 /* CoreLocation.framework */ = {isa = PBXFileReference; lastKnownFileType = wrapper.framework; name = CoreLocation.framework; path = System/Library/Frameworks/CoreLocation.framework; sourceTree = SDKROOT; };
/* End PBXFileReference section */

/* Begin PBXFrameworksBuildPhase section */
		8350C0CA16A58440005FF691 /* Frameworks */ = {
			isa = PBXFrameworksBuildPhase;
			buildActionMask = 2147483647;
			files = (
				83768F3C16A6AACB00CF4CA9 /* CoreLocation.framework in Frameworks */,
				8350C13B16A5891B005FF691 /* CFNetwork.framework in Frameworks */,
				83768F3A16A6AAB100CF4CA9 /* AdSupport.framework in Frameworks */,
				83768F3816A6AAA300CF4CA9 /* AudioToolbox.framework in Frameworks */,
				83768F3616A6AA9E00CF4CA9 /* Accounts.framework in Frameworks */,
				83768F2F16A6A9FC00CF4CA9 /* libsqlite3.dylib in Frameworks */,
				83768F3016A6A9FC00CF4CA9 /* libz.1.1.3.dylib in Frameworks */,
				83768F3116A6A9FC00CF4CA9 /* MobileCoreServices.framework in Frameworks */,
				83768F3216A6A9FC00CF4CA9 /* QuartzCore.framework in Frameworks */,
				83768F3316A6A9FC00CF4CA9 /* Social.framework in Frameworks */,
				83768F3416A6A9FC00CF4CA9 /* StoreKit.framework in Frameworks */,
				8350C13F16A5894A005FF691 /* SystemConfiguration.framework in Frameworks */,
				8350C13D16A5892D005FF691 /* Security.framework in Frameworks */,
				8350C0D216A58440005FF691 /* UIKit.framework in Frameworks */,
				8350C0D416A58440005FF691 /* Foundation.framework in Frameworks */,
				8350C0D616A58440005FF691 /* CoreGraphics.framework in Frameworks */,
				83768F2716A6A98A00CF4CA9 /* Parse.framework in Frameworks */,
			);
			runOnlyForDeploymentPostprocessing = 0;
		};
		8350C0F016A58440005FF691 /* Frameworks */ = {
			isa = PBXFrameworksBuildPhase;
			buildActionMask = 2147483647;
			files = (
				8350C0F616A58440005FF691 /* SenTestingKit.framework in Frameworks */,
				8350C0F716A58440005FF691 /* UIKit.framework in Frameworks */,
				8350C0F816A58440005FF691 /* Foundation.framework in Frameworks */,
			);
			runOnlyForDeploymentPostprocessing = 0;
		};
/* End PBXFrameworksBuildPhase section */

/* Begin PBXGroup section */
		8350C0C216A58440005FF691 = {
			isa = PBXGroup;
			children = (
				8350C0D716A58440005FF691 /* raulytics */,
				8350C0FB16A58440005FF691 /* raulyticsTests */,
				8350C0D016A58440005FF691 /* Frameworks */,
				8350C0CE16A58440005FF691 /* Products */,
			);
			sourceTree = "<group>";
		};
		8350C0CE16A58440005FF691 /* Products */ = {
			isa = PBXGroup;
			children = (
				8350C0CD16A58440005FF691 /* raulytics.app */,
				8350C0F416A58440005FF691 /* raulyticsTests.octest */,
			);
			name = Products;
			sourceTree = "<group>";
		};
		8350C0D016A58440005FF691 /* Frameworks */ = {
			isa = PBXGroup;
			children = (
				83768F3B16A6AACB00CF4CA9 /* CoreLocation.framework */,
				83768F3916A6AAB100CF4CA9 /* AdSupport.framework */,
				83768F3716A6AAA300CF4CA9 /* AudioToolbox.framework */,
				83768F3516A6AA9E00CF4CA9 /* Accounts.framework */,
				83768F2916A6A9FC00CF4CA9 /* libsqlite3.dylib */,
				83768F2A16A6A9FC00CF4CA9 /* libz.1.1.3.dylib */,
				83768F2B16A6A9FC00CF4CA9 /* MobileCoreServices.framework */,
				83768F2C16A6A9FC00CF4CA9 /* QuartzCore.framework */,
				83768F2D16A6A9FC00CF4CA9 /* Social.framework */,
				83768F2E16A6A9FC00CF4CA9 /* StoreKit.framework */,
				8350C13E16A5894A005FF691 /* SystemConfiguration.framework */,
				8350C13C16A5892D005FF691 /* Security.framework */,
				8350C13A16A5891B005FF691 /* CFNetwork.framework */,
				83768F2616A6A98A00CF4CA9 /* Parse.framework */,
				8350C0D116A58440005FF691 /* UIKit.framework */,
				8350C0D316A58440005FF691 /* Foundation.framework */,
				8350C0D516A58440005FF691 /* CoreGraphics.framework */,
				8350C0F516A58440005FF691 /* SenTestingKit.framework */,
			);
			name = Frameworks;
			sourceTree = "<group>";
		};
		8350C0D716A58440005FF691 /* raulytics */ = {
			isa = PBXGroup;
			children = (
				8350C11B16A5882F005FF691 /* MKNetworkKit */,
				8350C11716A5851D005FF691 /* Manager */,
				8350C10F16A584AD005FF691 /* Classes */,
				8350C0E016A58440005FF691 /* AppDelegate.h */,
				8350C0E116A58440005FF691 /* AppDelegate.m */,
				8350C0D816A58440005FF691 /* Supporting Files */,
				8350C10C16A58474005FF691 /* CrashLogsViewController.h */,
				8350C10D16A58474005FF691 /* CrashLogsViewController.m */,
			);
			path = raulytics;
			sourceTree = "<group>";
		};
		8350C0D816A58440005FF691 /* Supporting Files */ = {
			isa = PBXGroup;
			children = (
				8350C0D916A58440005FF691 /* raulytics-Info.plist */,
				8350C0DA16A58440005FF691 /* InfoPlist.strings */,
				8350C0DD16A58440005FF691 /* main.m */,
				8350C0DF16A58440005FF691 /* raulytics-Prefix.pch */,
				8350C0E316A58440005FF691 /* Default.png */,
				8350C0E516A58440005FF691 /* Default@2x.png */,
				8350C0E716A58440005FF691 /* Default-568h@2x.png */,
			);
			name = "Supporting Files";
			sourceTree = "<group>";
		};
		8350C0FB16A58440005FF691 /* raulyticsTests */ = {
			isa = PBXGroup;
			children = (
				8350C10116A58440005FF691 /* raulyticsTests.h */,
				8350C10216A58440005FF691 /* raulyticsTests.m */,
				8350C0FC16A58440005FF691 /* Supporting Files */,
			);
			path = raulyticsTests;
			sourceTree = "<group>";
		};
		8350C0FC16A58440005FF691 /* Supporting Files */ = {
			isa = PBXGroup;
			children = (
				8350C0FD16A58440005FF691 /* raulyticsTests-Info.plist */,
				8350C0FE16A58440005FF691 /* InfoPlist.strings */,
			);
			name = "Supporting Files";
			sourceTree = "<group>";
		};
		8350C10F16A584AD005FF691 /* Classes */ = {
			isa = PBXGroup;
			children = (
				8350C11016A584CF005FF691 /* CrashLog.h */,
				8350C11116A584CF005FF691 /* CrashLog.m */,
			);
			name = Classes;
			sourceTree = "<group>";
		};
		8350C11716A5851D005FF691 /* Manager */ = {
			isa = PBXGroup;
			children = (
				8350C11816A58573005FF691 /* NodeJSWSManager.h */,
				8350C11916A58573005FF691 /* NodeJSWSManager.m */,
			);
			name = Manager;
			sourceTree = "<group>";
		};
		8350C11B16A5882F005FF691 /* MKNetworkKit */ = {
			isa = PBXGroup;
			children = (
				8350C11C16A5882F005FF691 /* Categories */,
				8350C12916A5882F005FF691 /* MKNetworkEngine.h */,
				8350C12A16A5882F005FF691 /* MKNetworkEngine.m */,
				8350C12B16A5882F005FF691 /* MKNetworkKit.h */,
				8350C12C16A5882F005FF691 /* MKNetworkOperation.h */,
				8350C12D16A5882F005FF691 /* MKNetworkOperation.m */,
				8350C12E16A5882F005FF691 /* Reachability */,
			);
			path = MKNetworkKit;
			sourceTree = "<group>";
		};
		8350C11C16A5882F005FF691 /* Categories */ = {
			isa = PBXGroup;
			children = (
				8350C11D16A5882F005FF691 /* NSAlert+MKNetworkKitAdditions.h */,
				8350C11E16A5882F005FF691 /* NSAlert+MKNetworkKitAdditions.m */,
				8350C11F16A5882F005FF691 /* NSData+Base64.h */,
				8350C12016A5882F005FF691 /* NSData+Base64.m */,
				8350C12116A5882F005FF691 /* NSDate+RFC1123.h */,
				8350C12216A5882F005FF691 /* NSDate+RFC1123.m */,
				8350C12316A5882F005FF691 /* NSDictionary+RequestEncoding.h */,
				8350C12416A5882F005FF691 /* NSDictionary+RequestEncoding.m */,
				8350C12516A5882F005FF691 /* NSString+MKNetworkKitAdditions.h */,
				8350C12616A5882F005FF691 /* NSString+MKNetworkKitAdditions.m */,
				8350C12716A5882F005FF691 /* UIAlertView+MKNetworkKitAdditions.h */,
				8350C12816A5882F005FF691 /* UIAlertView+MKNetworkKitAdditions.m */,
			);
			path = Categories;
			sourceTree = "<group>";
		};
		8350C12E16A5882F005FF691 /* Reachability */ = {
			isa = PBXGroup;
			children = (
				8350C12F16A5882F005FF691 /* Reachability.h */,
				8350C13016A5882F005FF691 /* Reachability.m */,
			);
			path = Reachability;
			sourceTree = "<group>";
		};
/* End PBXGroup section */

/* Begin PBXNativeTarget section */
		8350C0CC16A58440005FF691 /* raulytics */ = {
			isa = PBXNativeTarget;
			buildConfigurationList = 8350C10616A58441005FF691 /* Build configuration list for PBXNativeTarget "raulytics" */;
			buildPhases = (
				8350C0C916A58440005FF691 /* Sources */,
				8350C0CA16A58440005FF691 /* Frameworks */,
				8350C0CB16A58440005FF691 /* Resources */,
			);
			buildRules = (
			);
			dependencies = (
			);
			name = raulytics;
			productName = raulytics;
			productReference = 8350C0CD16A58440005FF691 /* raulytics.app */;
			productType = "com.apple.product-type.application";
		};
		8350C0F316A58440005FF691 /* raulyticsTests */ = {
			isa = PBXNativeTarget;
			buildConfigurationList = 8350C10916A58441005FF691 /* Build configuration list for PBXNativeTarget "raulyticsTests" */;
			buildPhases = (
				8350C0EF16A58440005FF691 /* Sources */,
				8350C0F016A58440005FF691 /* Frameworks */,
				8350C0F116A58440005FF691 /* Resources */,
				8350C0F216A58440005FF691 /* ShellScript */,
			);
			buildRules = (
			);
			dependencies = (
				8350C0FA16A58440005FF691 /* PBXTargetDependency */,
			);
			name = raulyticsTests;
			productName = raulyticsTests;
			productReference = 8350C0F416A58440005FF691 /* raulyticsTests.octest */;
			productType = "com.apple.product-type.bundle";
		};
/* End PBXNativeTarget section */

/* Begin PBXProject section */
		8350C0C416A58440005FF691 /* Project object */ = {
			isa = PBXProject;
			attributes = {
				LastUpgradeCheck = 0450;
				ORGANIZATIONNAME = eltallerdigital;
			};
			buildConfigurationList = 8350C0C716A58440005FF691 /* Build configuration list for PBXProject "raulytics" */;
			compatibilityVersion = "Xcode 3.2";
			developmentRegion = English;
			hasScannedForEncodings = 0;
			knownRegions = (
				en,
			);
			mainGroup = 8350C0C216A58440005FF691;
			productRefGroup = 8350C0CE16A58440005FF691 /* Products */;
			projectDirPath = "";
			projectRoot = "";
			targets = (
				8350C0CC16A58440005FF691 /* raulytics */,
				8350C0F316A58440005FF691 /* raulyticsTests */,
			);
		};
/* End PBXProject section */

/* Begin PBXResourcesBuildPhase section */
		8350C0CB16A58440005FF691 /* Resources */ = {
			isa = PBXResourcesBuildPhase;
			buildActionMask = 2147483647;
			files = (
				8350C0DC16A58440005FF691 /* InfoPlist.strings in Resources */,
				8350C0E416A58440005FF691 /* Default.png in Resources */,
				8350C0E616A58440005FF691 /* Default@2x.png in Resources */,
				8350C0E816A58440005FF691 /* Default-568h@2x.png in Resources */,
			);
			runOnlyForDeploymentPostprocessing = 0;
		};
		8350C0F116A58440005FF691 /* Resources */ = {
			isa = PBXResourcesBuildPhase;
			buildActionMask = 2147483647;
			files = (
				8350C10016A58440005FF691 /* InfoPlist.strings in Resources */,
			);
			runOnlyForDeploymentPostprocessing = 0;
		};
/* End PBXResourcesBuildPhase section */

/* Begin PBXShellScriptBuildPhase section */
		8350C0F216A58440005FF691 /* ShellScript */ = {
			isa = PBXShellScriptBuildPhase;
			buildActionMask = 2147483647;
			files = (
			);
			inputPaths = (
			);
			outputPaths = (
			);
			runOnlyForDeploymentPostprocessing = 0;
			shellPath = /bin/sh;
			shellScript = "# Run the unit tests in this test bundle.\n\"${SYSTEM_DEVELOPER_DIR}/Tools/RunUnitTests\"\n";
		};
/* End PBXShellScriptBuildPhase section */

/* Begin PBXSourcesBuildPhase section */
		8350C0C916A58440005FF691 /* Sources */ = {
			isa = PBXSourcesBuildPhase;
			buildActionMask = 2147483647;
			files = (
				8350C0DE16A58440005FF691 /* main.m in Sources */,
				8350C0E216A58440005FF691 /* AppDelegate.m in Sources */,
				8350C10E16A58474005FF691 /* CrashLogsViewController.m in Sources */,
				8350C11216A584CF005FF691 /* CrashLog.m in Sources */,
				8350C11A16A58573005FF691 /* NodeJSWSManager.m in Sources */,
				8350C13116A5882F005FF691 /* NSAlert+MKNetworkKitAdditions.m in Sources */,
				8350C13216A5882F005FF691 /* NSData+Base64.m in Sources */,
				8350C13316A5882F005FF691 /* NSDate+RFC1123.m in Sources */,
				8350C13416A5882F005FF691 /* NSDictionary+RequestEncoding.m in Sources */,
				8350C13516A5882F005FF691 /* NSString+MKNetworkKitAdditions.m in Sources */,
				8350C13616A5882F005FF691 /* UIAlertView+MKNetworkKitAdditions.m in Sources */,
				8350C13716A5882F005FF691 /* MKNetworkEngine.m in Sources */,
				8350C13816A5882F005FF691 /* MKNetworkOperation.m in Sources */,
				8350C13916A5882F005FF691 /* Reachability.m in Sources */,
			);
			runOnlyForDeploymentPostprocessing = 0;
		};
		8350C0EF16A58440005FF691 /* Sources */ = {
			isa = PBXSourcesBuildPhase;
			buildActionMask = 2147483647;
			files = (
				8350C10316A58440005FF691 /* raulyticsTests.m in Sources */,
			);
			runOnlyForDeploymentPostprocessing = 0;
		};
/* End PBXSourcesBuildPhase section */

/* Begin PBXTargetDependency section */
		8350C0FA16A58440005FF691 /* PBXTargetDependency */ = {
			isa = PBXTargetDependency;
			target = 8350C0CC16A58440005FF691 /* raulytics */;
			targetProxy = 8350C0F916A58440005FF691 /* PBXContainerItemProxy */;
		};
/* End PBXTargetDependency section */

/* Begin PBXVariantGroup section */
		8350C0DA16A58440005FF691 /* InfoPlist.strings */ = {
			isa = PBXVariantGroup;
			children = (
				8350C0DB16A58440005FF691 /* en */,
			);
			name = InfoPlist.strings;
			sourceTree = "<group>";
		};
		8350C0FE16A58440005FF691 /* InfoPlist.strings */ = {
			isa = PBXVariantGroup;
			children = (
				8350C0FF16A58440005FF691 /* en */,
			);
			name = InfoPlist.strings;
			sourceTree = "<group>";
		};
/* End PBXVariantGroup section */

/* Begin XCBuildConfiguration section */
		8350C10416A58440005FF691 /* Debug */ = {
			isa = XCBuildConfiguration;
			buildSettings = {
				ALWAYS_SEARCH_USER_PATHS = NO;
				CLANG_CXX_LANGUAGE_STANDARD = "gnu++0x";
				CLANG_CXX_LIBRARY = "libc++";
				CLANG_ENABLE_OBJC_ARC = YES;
				CLANG_WARN_EMPTY_BODY = YES;
				CLANG_WARN__DUPLICATE_METHOD_MATCH = YES;
				"CODE_SIGN_IDENTITY[sdk=iphoneos*]" = "iPhone Developer";
				COPY_PHASE_STRIP = NO;
				GCC_C_LANGUAGE_STANDARD = gnu99;
				GCC_DYNAMIC_NO_PIC = NO;
				GCC_OPTIMIZATION_LEVEL = 0;
				GCC_PREPROCESSOR_DEFINITIONS = (
					"DEBUG=1",
					"$(inherited)",
				);
				GCC_SYMBOLS_PRIVATE_EXTERN = NO;
				GCC_WARN_ABOUT_RETURN_TYPE = YES;
				GCC_WARN_UNINITIALIZED_AUTOS = YES;
				GCC_WARN_UNUSED_VARIABLE = YES;
				IPHONEOS_DEPLOYMENT_TARGET = 6.0;
				ONLY_ACTIVE_ARCH = YES;
				SDKROOT = iphoneos;
			};
			name = Debug;
		};
		8350C10516A58440005FF691 /* Release */ = {
			isa = XCBuildConfiguration;
			buildSettings = {
				ALWAYS_SEARCH_USER_PATHS = NO;
				CLANG_CXX_LANGUAGE_STANDARD = "gnu++0x";
				CLANG_CXX_LIBRARY = "libc++";
				CLANG_ENABLE_OBJC_ARC = YES;
				CLANG_WARN_EMPTY_BODY = YES;
				CLANG_WARN__DUPLICATE_METHOD_MATCH = YES;
				"CODE_SIGN_IDENTITY[sdk=iphoneos*]" = "iPhone Developer";
				COPY_PHASE_STRIP = YES;
				GCC_C_LANGUAGE_STANDARD = gnu99;
				GCC_WARN_ABOUT_RETURN_TYPE = YES;
				GCC_WARN_UNINITIALIZED_AUTOS = YES;
				GCC_WARN_UNUSED_VARIABLE = YES;
				IPHONEOS_DEPLOYMENT_TARGET = 6.0;
				OTHER_CFLAGS = "-DNS_BLOCK_ASSERTIONS=1";
				SDKROOT = iphoneos;
				VALIDATE_PRODUCT = YES;
			};
			name = Release;
		};
		8350C10716A58441005FF691 /* Debug */ = {
			isa = XCBuildConfiguration;
			buildSettings = {
				FRAMEWORK_SEARCH_PATHS = (
					"$(inherited)",
					"\"$(SRCROOT)\"",
				);
				GCC_PRECOMPILE_PREFIX_HEADER = YES;
				GCC_PREFIX_HEADER = "raulytics/raulytics-Prefix.pch";
				INFOPLIST_FILE = "raulytics/raulytics-Info.plist";
				IPHONEOS_DEPLOYMENT_TARGET = 5.0;
				PRODUCT_NAME = "$(TARGET_NAME)";
				TARGETED_DEVICE_FAMILY = "1,2";
				WRAPPER_EXTENSION = app;
			};
			name = Debug;
		};
		8350C10816A58441005FF691 /* Release */ = {
			isa = XCBuildConfiguration;
			buildSettings = {
				FRAMEWORK_SEARCH_PATHS = (
					"$(inherited)",
					"\"$(SRCROOT)\"",
				);
				GCC_PRECOMPILE_PREFIX_HEADER = YES;
				GCC_PREFIX_HEADER = "raulytics/raulytics-Prefix.pch";
				INFOPLIST_FILE = "raulytics/raulytics-Info.plist";
				IPHONEOS_DEPLOYMENT_TARGET = 5.0;
				PRODUCT_NAME = "$(TARGET_NAME)";
				TARGETED_DEVICE_FAMILY = "1,2";
				WRAPPER_EXTENSION = app;
			};
			name = Release;
		};
		8350C10A16A58441005FF691 /* Debug */ = {
			isa = XCBuildConfiguration;
			buildSettings = {
				BUNDLE_LOADER = "$(BUILT_PRODUCTS_DIR)/raulytics.app/raulytics";
				FRAMEWORK_SEARCH_PATHS = (
					"\"$(SDKROOT)/Developer/Library/Frameworks\"",
					"\"$(DEVELOPER_LIBRARY_DIR)/Frameworks\"",
				);
				GCC_PRECOMPILE_PREFIX_HEADER = YES;
				GCC_PREFIX_HEADER = "raulytics/raulytics-Prefix.pch";
				INFOPLIST_FILE = "raulyticsTests/raulyticsTests-Info.plist";
				PRODUCT_NAME = "$(TARGET_NAME)";
				TEST_HOST = "$(BUNDLE_LOADER)";
				WRAPPER_EXTENSION = octest;
			};
			name = Debug;
		};
		8350C10B16A58441005FF691 /* Release */ = {
			isa = XCBuildConfiguration;
			buildSettings = {
				BUNDLE_LOADER = "$(BUILT_PRODUCTS_DIR)/raulytics.app/raulytics";
				FRAMEWORK_SEARCH_PATHS = (
					"\"$(SDKROOT)/Developer/Library/Frameworks\"",
					"\"$(DEVELOPER_LIBRARY_DIR)/Frameworks\"",
				);
				GCC_PRECOMPILE_PREFIX_HEADER = YES;
				GCC_PREFIX_HEADER = "raulytics/raulytics-Prefix.pch";
				INFOPLIST_FILE = "raulyticsTests/raulyticsTests-Info.plist";
				PRODUCT_NAME = "$(TARGET_NAME)";
				TEST_HOST = "$(BUNDLE_LOADER)";
				WRAPPER_EXTENSION = octest;
			};
			name = Release;
		};
/* End XCBuildConfiguration section */

/* Begin XCConfigurationList section */
		8350C0C716A58440005FF691 /* Build configuration list for PBXProject "raulytics" */ = {
			isa = XCConfigurationList;
			buildConfigurations = (
				8350C10416A58440005FF691 /* Debug */,
				8350C10516A58440005FF691 /* Release */,
			);
			defaultConfigurationIsVisible = 0;
			defaultConfigurationName = Release;
		};
		8350C10616A58441005FF691 /* Build configuration list for PBXNativeTarget "raulytics" */ = {
			isa = XCConfigurationList;
			buildConfigurations = (
				8350C10716A58441005FF691 /* Debug */,
				8350C10816A58441005FF691 /* Release */,
			);
			defaultConfigurationIsVisible = 0;
			defaultConfigurationName = Release;
		};
		8350C10916A58441005FF691 /* Build configuration list for PBXNativeTarget "raulyticsTests" */ = {
			isa = XCConfigurationList;
			buildConfigurations = (
				8350C10A16A58441005FF691 /* Debug */,
				8350C10B16A58441005FF691 /* Release */,
			);
			defaultConfigurationIsVisible = 0;
			defaultConfigurationName = Release;
		};
/* End XCConfigurationList section */
	};
	rootObject = 8350C0C416A58440005FF691 /* Project object */;
}
